
Microsoft Visual Studio Solution File, Format Version 12.00
# Visual Studio Version 16
VisualStudioVersion = 16.0.31624.102
MinimumVisualStudioVersion = 10.0.40219.1
Project("{FAE04EC0-301F-11D3-BF4B-00C04F79EFBC}") = "Hibernate", "Hibernate\Hibernate.csproj", "{3095580A-DB90-41DB-A4ED-60ACB138F35A}"
EndProject
Global
	GlobalSection(SolutionConfigurationPlatforms) = preSolution
		Debug|Any CPU = Debug|Any CPU
		Release|Any CPU = Release|Any CPU
	EndGlobalSection
	GlobalSection(ProjectConfigurationPlatforms) = postSolution
		{3095580A-DB90-41DB-A4ED-60ACB138F35A}.Debug|Any CPU.ActiveCfg = Debug|Any CPU
		{3095580A-DB90-41DB-A4ED-60ACB138F35A}.Debug|Any CPU.Build.0 = Debug|Any CPU
		{3095580A-DB90-41DB-A4ED-60ACB138F35A}.Release|Any CPU.ActiveCfg = Release|Any CPU
		{3095580A-DB90-41DB-A4ED-60ACB138F35A}.Release|Any CPU.Build.0 = Release|Any CPU
	EndGlobalSection
	GlobalSection(SolutionProperties) = preSolution
		HideSolutionNode = FALSE
	EndGlobalSection
	GlobalSection(ExtensibilityGlobals) = postSolution
		SolutionGuid = {2EF2AD11-53D6-4A44-BD0E-4335015184DE}
	EndGlobalSection
EndGlobal
